// !$*UTF8*$!
{
	archiveVersion = 1;
	classes = {
	};
	objectVersion = 48;
	objects = {

/* Begin PBXBuildFile section */
		270729721F5057C90027A67E /* LoginViewController.swift in Sources */ = {isa = PBXBuildFile; fileRef = 270729711F5057C90027A67E /* LoginViewController.swift */; };
		272D585F1F504DF30028F9B9 /* AppDelegate.swift in Sources */ = {isa = PBXBuildFile; fileRef = 272D585E1F504DF30028F9B9 /* AppDelegate.swift */; };
		272D58641F504DF30028F9B9 /* Main.storyboard in Resources */ = {isa = PBXBuildFile; fileRef = 272D58621F504DF30028F9B9 /* Main.storyboard */; };
		272D58661F504DF30028F9B9 /* Assets.xcassets in Resources */ = {isa = PBXBuildFile; fileRef = 272D58651F504DF30028F9B9 /* Assets.xcassets */; };
		272D58691F504DF30028F9B9 /* LaunchScreen.storyboard in Resources */ = {isa = PBXBuildFile; fileRef = 272D58671F504DF30028F9B9 /* LaunchScreen.storyboard */; };
		2766E5051F51825900742728 /* localhost.cer in Resources */ = {isa = PBXBuildFile; fileRef = 2766E5041F51825900742728 /* localhost.cer */; };
		279B86E71F52BECC00E51E7E /* FirstTableViewController.swift in Sources */ = {isa = PBXBuildFile; fileRef = 279B86E61F52BECC00E51E7E /* FirstTableViewController.swift */; };
		279B86EA1F52BF3900E51E7E /* member.swift in Sources */ = {isa = PBXBuildFile; fileRef = 279B86E91F52BF3900E51E7E /* member.swift */; };
/* End PBXBuildFile section */

/* Begin PBXFileReference section */
		270729711F5057C90027A67E /* LoginViewController.swift */ = {isa = PBXFileReference; lastKnownFileType = sourcecode.swift; path = LoginViewController.swift; sourceTree = "<group>"; };
		272D585B1F504DF30028F9B9 /* PrinceCRM.app */ = {isa = PBXFileReference; explicitFileType = wrapper.application; includeInIndex = 0; path = PrinceCRM.app; sourceTree = BUILT_PRODUCTS_DIR; };
		272D585E1F504DF30028F9B9 /* AppDelegate.swift */ = {isa = PBXFileReference; lastKnownFileType = sourcecode.swift; path = AppDelegate.swift; sourceTree = "<group>"; };
		272D58631F504DF30028F9B9 /* Base */ = {isa = PBXFileReference; lastKnownFileType = file.storyboard; name = Base; path = Base.lproj/Main.storyboard; sourceTree = "<group>"; };
		272D58651F504DF30028F9B9 /* Assets.xcassets */ = {isa = PBXFileReference; lastKnownFileType = folder.assetcatalog; path = Assets.xcassets; sourceTree = "<group>"; };
		272D58681F504DF30028F9B9 /* Base */ = {isa = PBXFileReference; lastKnownFileType = file.storyboard; name = Base; path = Base.lproj/LaunchScreen.storyboard; sourceTree = "<group>"; };
		272D586A1F504DF30028F9B9 /* Info.plist */ = {isa = PBXFileReference; lastKnownFileType = text.plist.xml; path = Info.plist; sourceTree = "<group>"; };
		2766E5041F51825900742728 /* localhost.cer */ = {isa = PBXFileReference; lastKnownFileType = text; path = localhost.cer; sourceTree = "<group>"; };
		279B86E61F52BECC00E51E7E /* FirstTableViewController.swift */ = {isa = PBXFileReference; lastKnownFileType = sourcecode.swift; path = FirstTableViewController.swift; sourceTree = "<group>"; };
		279B86E91F52BF3900E51E7E /* member.swift */ = {isa = PBXFileReference; lastKnownFileType = sourcecode.swift; path = member.swift; sourceTree = "<group>"; };
		27E543731F5304F0008E4CFF /* PrinceCRMV102.png */ = {isa = PBXFileReference; lastKnownFileType = image.png; path = PrinceCRMV102.png; sourceTree = "<group>"; };
		27E543741F5304F0008E4CFF /* PrinceCRMV103.png */ = {isa = PBXFileReference; lastKnownFileType = image.png; path = PrinceCRMV103.png; sourceTree = "<group>"; };
		27E543751F5304F1008E4CFF /* PrinceCRMV101.png */ = {isa = PBXFileReference; lastKnownFileType = image.png; path = PrinceCRMV101.png; sourceTree = "<group>"; };
		27E543761F5305FA008E4CFF /* member.sql */ = {isa = PBXFileReference; lastKnownFileType = text; path = member.sql; sourceTree = "<group>"; };
/* End PBXFileReference section */

/* Begin PBXFrameworksBuildPhase section */
		272D58581F504DF30028F9B9 /* Frameworks */ = {
			isa = PBXFrameworksBuildPhase;
			buildActionMask = 2147483647;
			files = (
			);
			runOnlyForDeploymentPostprocessing = 0;
		};
/* End PBXFrameworksBuildPhase section */

/* Begin PBXGroup section */
		272D58521F504DF30028F9B9 = {
			isa = PBXGroup;
			children = (
				2766E5041F51825900742728 /* localhost.cer */,
				272D585D1F504DF30028F9B9 /* PrinceCRM */,
				272D585C1F504DF30028F9B9 /* Products */,
			);
			sourceTree = "<group>";
		};
		272D585C1F504DF30028F9B9 /* Products */ = {
			isa = PBXGroup;
			children = (
				272D585B1F504DF30028F9B9 /* PrinceCRM.app */,
			);
			name = Products;
			sourceTree = "<group>";
		};
		272D585D1F504DF30028F9B9 /* PrinceCRM */ = {
			isa = PBXGroup;
			children = (
				27E543721F52C2F3008E4CFF /* Other */,
				279B86E81F52BF1500E51E7E /* Models */,
				270729711F5057C90027A67E /* LoginViewController.swift */,
				272D585E1F504DF30028F9B9 /* AppDelegate.swift */,
				272D58621F504DF30028F9B9 /* Main.storyboard */,
				279B86E61F52BECC00E51E7E /* FirstTableViewController.swift */,
				272D58651F504DF30028F9B9 /* Assets.xcassets */,
				272D58671F504DF30028F9B9 /* LaunchScreen.storyboard */,
				272D586A1F504DF30028F9B9 /* Info.plist */,
			);
			path = PrinceCRM;
			sourceTree = "<group>";
		};
		279B86E81F52BF1500E51E7E /* Models */ = {
			isa = PBXGroup;
			children = (
				279B86E91F52BF3900E51E7E /* member.swift */,
			);
			path = Models;
			sourceTree = "<group>";
		};
		27E543721F52C2F3008E4CFF /* Other */ = {
			isa = PBXGroup;
			children = (
				27E543761F5305FA008E4CFF /* member.sql */,
				27E543751F5304F1008E4CFF /* PrinceCRMV101.png */,
				27E543731F5304F0008E4CFF /* PrinceCRMV102.png */,
				27E543741F5304F0008E4CFF /* PrinceCRMV103.png */,
			);
			path = Other;
			sourceTree = "<group>";
		};
/* End PBXGroup section */

/* Begin PBXNativeTarget section */
		272D585A1F504DF30028F9B9 /* PrinceCRM */ = {
			isa = PBXNativeTarget;
			buildConfigurationList = 272D586D1F504DF30028F9B9 /* Build configuration list for PBXNativeTarget "PrinceCRM" */;
			buildPhases = (
				272D58571F504DF30028F9B9 /* Sources */,
				272D58581F504DF30028F9B9 /* Frameworks */,
				272D58591F504DF30028F9B9 /* Resources */,
			);
			buildRules = (
			);
			dependencies = (
			);
			name = PrinceCRM;
			productName = PrinceCRM;
			productReference = 272D585B1F504DF30028F9B9 /* PrinceCRM.app */;
			productType = "com.apple.product-type.application";
		};
/* End PBXNativeTarget section */

/* Begin PBXProject section */
		272D58531F504DF30028F9B9 /* Project object */ = {
			isa = PBXProject;
			attributes = {
				LastSwiftUpdateCheck = 0900;
				LastUpgradeCheck = 0900;
				ORGANIZATIONNAME = mike;
				TargetAttributes = {
					272D585A1F504DF30028F9B9 = {
						CreatedOnToolsVersion = 9.0;
					};
				};
			};
			buildConfigurationList = 272D58561F504DF30028F9B9 /* Build configuration list for PBXProject "PrinceCRM" */;
			compatibilityVersion = "Xcode 8.0";
			developmentRegion = en;
			hasScannedForEncodings = 0;
			knownRegions = (
				en,
				Base,
			);
			mainGroup = 272D58521F504DF30028F9B9;
			productRefGroup = 272D585C1F504DF30028F9B9 /* Products */;
			projectDirPath = "";
			projectRoot = "";
			targets = (
				272D585A1F504DF30028F9B9 /* PrinceCRM */,
			);
		};
/* End PBXProject section */

/* Begin PBXResourcesBuildPhase section */
		272D58591F504DF30028F9B9 /* Resources */ = {
			isa = PBXResourcesBuildPhase;
			buildActionMask = 2147483647;
			files = (
				2766E5051F51825900742728 /* localhost.cer in Resources */,
				272D58691F504DF30028F9B9 /* LaunchScreen.storyboard in Resources */,
				272D58661F504DF30028F9B9 /* Assets.xcassets in Resources */,
				272D58641F504DF30028F9B9 /* Main.storyboard in Resources */,
			);
			runOnlyForDeploymentPostprocessing = 0;
		};
/* End PBXResourcesBuildPhase section */

/* Begin PBXSourcesBuildPhase section */
		272D58571F504DF30028F9B9 /* Sources */ = {
			isa = PBXSourcesBuildPhase;
			buildActionMask = 2147483647;
			files = (
				270729721F5057C90027A67E /* LoginViewController.swift in Sources */,
				272D585F1F504DF30028F9B9 /* AppDelegate.swift in Sources */,
				279B86E71F52BECC00E51E7E /* FirstTableViewController.swift in Sources */,
				279B86EA1F52BF3900E51E7E /* member.swift in Sources */,
			);
			runOnlyForDeploymentPostprocessing = 0;
		};
/* End PBXSourcesBuildPhase section */

/* Begin PBXVariantGroup section */
		272D58621F504DF30028F9B9 /* Main.storyboard */ = {
			isa = PBXVariantGroup;
			children = (
				272D58631F504DF30028F9B9 /* Base */,
			);
			name = Main.storyboard;
			sourceTree = "<group>";
		};
		272D58671F504DF30028F9B9 /* LaunchScreen.storyboard */ = {
			isa = PBXVariantGroup;
			children = (
				272D58681F504DF30028F9B9 /* Base */,
			);
			name = LaunchScreen.storyboard;
			sourceTree = "<group>";
		};
/* End PBXVariantGroup section */

/* Begin XCBuildConfiguration section */
		272D586B1F504DF30028F9B9 /* Debug */ = {
			isa = XCBuildConfiguration;
			buildSettings = {
				ALWAYS_SEARCH_USER_PATHS = NO;
				CLANG_ANALYZER_NONNULL = YES;
				CLANG_ANALYZER_NUMBER_OBJECT_CONVERSION = YES_AGGRESSIVE;
				CLANG_CXX_LANGUAGE_STANDARD = "gnu++14";
				CLANG_CXX_LIBRARY = "libc++";
				CLANG_ENABLE_MODULES = YES;
				CLANG_ENABLE_OBJC_ARC = YES;
				CLANG_WARN_BLOCK_CAPTURE_AUTORELEASING = YES;
				CLANG_WARN_BOOL_CONVERSION = YES;
				CLANG_WARN_COMMA = YES;
				CLANG_WARN_CONSTANT_CONVERSION = YES;
				CLANG_WARN_DIRECT_OBJC_ISA_USAGE = YES_ERROR;
				CLANG_WARN_DOCUMENTATION_COMMENTS = YES;
				CLANG_WARN_EMPTY_BODY = YES;
				CLANG_WARN_ENUM_CONVERSION = YES;
				CLANG_WARN_INFINITE_RECURSION = YES;
				CLANG_WARN_INT_CONVERSION = YES;
				CLANG_WARN_NON_LITERAL_NULL_CONVERSION = YES;
				CLANG_WARN_OBJC_LITERAL_CONVERSION = YES;
				CLANG_WARN_OBJC_ROOT_CLASS = YES_ERROR;
				CLANG_WARN_RANGE_LOOP_ANALYSIS = YES;
				CLANG_WARN_STRICT_PROTOTYPES = YES;
				CLANG_WARN_SUSPICIOUS_MOVE = YES;
				CLANG_WARN_UNGUARDED_AVAILABILITY = YES_AGGRESSIVE;
				CLANG_WARN_UNREACHABLE_CODE = YES;
				CLANG_WARN__DUPLICATE_METHOD_MATCH = YES;
				CODE_SIGN_IDENTITY = "iPhone Developer";
				COPY_PHASE_STRIP = NO;
				DEBUG_INFORMATION_FORMAT = dwarf;
				ENABLE_STRICT_OBJC_MSGSEND = YES;
				ENABLE_TESTABILITY = YES;
				GCC_C_LANGUAGE_STANDARD = gnu11;
				GCC_DYNAMIC_NO_PIC = NO;
				GCC_NO_COMMON_BLOCKS = YES;
				GCC_OPTIMIZATION_LEVEL = 0;
				GCC_PREPROCESSOR_DEFINITIONS = (
					"DEBUG=1",
					"$(inherited)",
				);
				GCC_WARN_64_TO_32_BIT_CONVERSION = YES;
				GCC_WARN_ABOUT_RETURN_TYPE = YES_ERROR;
				GCC_WARN_UNDECLARED_SELECTOR = YES;
				GCC_WARN_UNINITIALIZED_AUTOS = YES_AGGRESSIVE;
				GCC_WARN_UNUSED_FUNCTION = YES;
				GCC_WARN_UNUSED_VARIABLE = YES;
				IPHONEOS_DEPLOYMENT_TARGET = 11.0;
				MTL_ENABLE_DEBUG_INFO = YES;
				ONLY_ACTIVE_ARCH = YES;
				SDKROOT = iphoneos;
				SWIFT_ACTIVE_COMPILATION_CONDITIONS = DEBUG;
				SWIFT_OPTIMIZATION_LEVEL = "-Onone";
			};
			name = Debug;
		};
		272D586C1F504DF30028F9B9 /* Release */ = {
			isa = XCBuildConfiguration;
			buildSettings = {
				ALWAYS_SEARCH_USER_PATHS = NO;
				CLANG_ANALYZER_NONNULL = YES;
				CLANG_ANALYZER_NUMBER_OBJECT_CONVERSION = YES_AGGRESSIVE;
				CLANG_CXX_LANGUAGE_STANDARD = "gnu++14";
				CLANG_CXX_LIBRARY = "libc++";
				CLANG_ENABLE_MODULES = YES;
				CLANG_ENABLE_OBJC_ARC = YES;
				CLANG_WARN_BLOCK_CAPTURE_AUTORELEASING = YES;
				CLANG_WARN_BOOL_CONVERSION = YES;
				CLANG_WARN_COMMA = YES;
				CLANG_WARN_CONSTANT_CONVERSION = YES;
				CLANG_WARN_DIRECT_OBJC_ISA_USAGE = YES_ERROR;
				CLANG_WARN_DOCUMENTATION_COMMENTS = YES;
				CLANG_WARN_EMPTY_BODY = YES;
				CLANG_WARN_ENUM_CONVERSION = YES;
				CLANG_WARN_INFINITE_RECURSION = YES;
				CLANG_WARN_INT_CONVERSION = YES;
				CLANG_WARN_NON_LITERAL_NULL_CONVERSION = YES;
				CLANG_WARN_OBJC_LITERAL_CONVERSION = YES;
				CLANG_WARN_OBJC_ROOT_CLASS = YES_ERROR;
				CLANG_WARN_RANGE_LOOP_ANALYSIS = YES;
				CLANG_WARN_STRICT_PROTOTYPES = YES;
				CLANG_WARN_SUSPICIOUS_MOVE = YES;
				CLANG_WARN_UNGUARDED_AVAILABILITY = YES_AGGRESSIVE;
				CLANG_WARN_UNREACHABLE_CODE = YES;
				CLANG_WARN__DUPLICATE_METHOD_MATCH = YES;
				CODE_SIGN_IDENTITY = "iPhone Developer";
				COPY_PHASE_STRIP = NO;
				DEBUG_INFORMATION_FORMAT = "dwarf-with-dsym";
				ENABLE_NS_ASSERTIONS = NO;
				ENABLE_STRICT_OBJC_MSGSEND = YES;
				GCC_C_LANGUAGE_STANDARD = gnu11;
				GCC_NO_COMMON_BLOCKS = YES;
				GCC_WARN_64_TO_32_BIT_CONVERSION = YES;
				GCC_WARN_ABOUT_RETURN_TYPE = YES_ERROR;
				GCC_WARN_UNDECLARED_SELECTOR = YES;
				GCC_WARN_UNINITIALIZED_AUTOS = YES_AGGRESSIVE;
				GCC_WARN_UNUSED_FUNCTION = YES;
				GCC_WARN_UNUSED_VARIABLE = YES;
				IPHONEOS_DEPLOYMENT_TARGET = 11.0;
				MTL_ENABLE_DEBUG_INFO = NO;
				SDKROOT = iphoneos;
				SWIFT_OPTIMIZATION_LEVEL = "-Owholemodule";
				VALIDATE_PRODUCT = YES;
			};
			name = Release;
		};
		272D586E1F504DF30028F9B9 /* Debug */ = {
			isa = XCBuildConfiguration;
			buildSettings = {
				ASSETCATALOG_COMPILER_APPICON_NAME = AppIcon;
				DEVELOPMENT_TEAM = 74M49B6F62;
				INFOPLIST_FILE = PrinceCRM/Info.plist;
				IPHONEOS_DEPLOYMENT_TARGET = 10.0;
				LD_RUNPATH_SEARCH_PATHS = "$(inherited) @executable_path/Frameworks";
				PRODUCT_BUNDLE_IDENTIFIER = com.mike.PrinceCRM;
				PRODUCT_NAME = "$(TARGET_NAME)";
				SWIFT_VERSION = 4.0;
				TARGETED_DEVICE_FAMILY = 1;
			};
			name = Debug;
		};
		272D586F1F504DF30028F9B9 /* Release */ = {
			isa = XCBuildConfiguration;
			buildSettings = {
				ASSETCATALOG_COMPILER_APPICON_NAME = AppIcon;
				DEVELOPMENT_TEAM = 74M49B6F62;
				INFOPLIST_FILE = PrinceCRM/Info.plist;
				IPHONEOS_DEPLOYMENT_TARGET = 10.0;
				LD_RUNPATH_SEARCH_PATHS = "$(inherited) @executable_path/Frameworks";
				PRODUCT_BUNDLE_IDENTIFIER = com.mike.PrinceCRM;
				PRODUCT_NAME = "$(TARGET_NAME)";
				SWIFT_VERSION = 4.0;
				TARGETED_DEVICE_FAMILY = 1;
			};
			name = Release;
		};
/* End XCBuildConfiguration section */

/* Begin XCConfigurationList section */
		272D58561F504DF30028F9B9 /* Build configuration list for PBXProject "PrinceCRM" */ = {
			isa = XCConfigurationList;
			buildConfigurations = (
				272D586B1F504DF30028F9B9 /* Debug */,
				272D586C1F504DF30028F9B9 /* Release */,
			);
			defaultConfigurationIsVisible = 0;
			defaultConfigurationName = Release;
		};
		272D586D1F504DF30028F9B9 /* Build configuration list for PBXNativeTarget "PrinceCRM" */ = {
			isa = XCConfigurationList;
			buildConfigurations = (
				272D586E1F504DF30028F9B9 /* Debug */,
				272D586F1F504DF30028F9B9 /* Release */,
			);
			defaultConfigurationIsVisible = 0;
			defaultConfigurationName = Release;
		};
/* End XCConfigurationList section */
	};
	rootObject = 272D58531F504DF30028F9B9 /* Project object */;
}
